
Microsoft Visual Studio Solution File, Format Version 12.00
# Visual Studio 15
VisualStudioVersion = 15.0.27004.2009
MinimumVisualStudioVersion = 10.0.40219.1
Project("{9A19103F-16F7-4668-BE54-9A1E7A4F7556}") = "Tinix", "Tinix\Tinix.csproj", "{AA733775-0B72-4378-9A4A-856C79F54C12}"
EndProject
Project("{9A19103F-16F7-4668-BE54-9A1E7A4F7556}") = "Tinix.Context", "Tinix.Context\Tinix.Context.csproj", "{B9C8D874-4F63-49F4-AFB1-1220F03BFD7C}"
EndProject
Project("{FAE04EC0-301F-11D3-BF4B-00C04F79EFBC}") = "PasswordHasher", "PasswordHasher\PasswordHasher.csproj", "{8187FF4D-B997-4E9B-84FF-CE537ABA7057}"
EndProject
Global
	GlobalSection(SolutionConfigurationPlatforms) = preSolution
		Debug|Any CPU = Debug|Any CPU
		Release|Any CPU = Release|Any CPU
	EndGlobalSection
	GlobalSection(ProjectConfigurationPlatforms) = postSolution
		{AA733775-0B72-4378-9A4A-856C79F54C12}.Debug|Any CPU.ActiveCfg = Debug|Any CPU
		{AA733775-0B72-4378-9A4A-856C79F54C12}.Debug|Any CPU.Build.0 = Debug|Any CPU
		{AA733775-0B72-4378-9A4A-856C79F54C12}.Release|Any CPU.ActiveCfg = Release|Any CPU
		{AA733775-0B72-4378-9A4A-856C79F54C12}.Release|Any CPU.Build.0 = Release|Any CPU
		{B9C8D874-4F63-49F4-AFB1-1220F03BFD7C}.Debug|Any CPU.ActiveCfg = Debug|Any CPU
		{B9C8D874-4F63-49F4-AFB1-1220F03BFD7C}.Debug|Any CPU.Build.0 = Debug|Any CPU
		{B9C8D874-4F63-49F4-AFB1-1220F03BFD7C}.Release|Any CPU.ActiveCfg = Release|Any CPU
		{B9C8D874-4F63-49F4-AFB1-1220F03BFD7C}.Release|Any CPU.Build.0 = Release|Any CPU
		{8187FF4D-B997-4E9B-84FF-CE537ABA7057}.Debug|Any CPU.ActiveCfg = Debug|Any CPU
		{8187FF4D-B997-4E9B-84FF-CE537ABA7057}.Debug|Any CPU.Build.0 = Debug|Any CPU
		{8187FF4D-B997-4E9B-84FF-CE537ABA7057}.Release|Any CPU.ActiveCfg = Release|Any CPU
		{8187FF4D-B997-4E9B-84FF-CE537ABA7057}.Release|Any CPU.Build.0 = Release|Any CPU
	EndGlobalSection
	GlobalSection(SolutionProperties) = preSolution
		HideSolutionNode = FALSE
	EndGlobalSection
	GlobalSection(ExtensibilityGlobals) = postSolution
		SolutionGuid = {BFEBA3D4-7235-4E40-9542-109D5515BCF0}
	EndGlobalSection
EndGlobal
